{
  "version": 4,
  "terraform_version": "0.12.18",
  "serial": 96,
  "lineage": "e0914745-b976-6dcb-b42f-385f6368560c",
  "outputs": {
    "config_map": {
      "value": "apiVersion: v1\nkind: ConfigMap\nmetadata:\n  name: aws-auth\n  namespace: kube-system\ndata:\n  mapRoles: |\n    - rolearn: arn:aws:iam::838522581324:role/EksClusterTf-NodeGroup\n      username: system:node:{{EC2PrivateDNSName}}\n      groups:\n        - system:bootstrappers\n        - system:nodes\n",
      "type": "string"
    },
    "nodegroup_asg_names": {
      "value": [
        "EksClusterTf-standard-0",
        "EksClusterTf-standard-1",
        "EksClusterTf-standard-2"
      ],
      "type": [
        "tuple",
        [
          "string",
          "string",
          "string"
        ]
      ]
    },
    "nodegroup_iam_role_arn": {
      "value": "arn:aws:iam::838522581324:role/EksClusterTf-NodeGroup",
      "type": "string"
    },
    "nodegroup_launch_template_id": {
      "value": "lt-0402d77bb33508b27",
      "type": "string"
    },
    "nodegroup_security_group_id": {
      "value": "sg-0d9a67fa94155d82a",
      "type": "string"
    }
  },
  "resources": [
    {
      "mode": "data",
      "type": "aws_region",
      "name": "current",
      "provider": "provider.aws",
      "instances": [
        {
          "schema_version": 0,
          "attributes": {
            "current": null,
            "description": "US East (N. Virginia)",
            "endpoint": "ec2.us-east-1.amazonaws.com",
            "id": "us-east-1",
            "name": "us-east-1"
          }
        }
      ]
    },
    {
      "mode": "data",
      "type": "aws_ssm_parameter",
      "name": "EksNodeGroupAmiId",
      "provider": "provider.aws",
      "instances": [
        {
          "schema_version": 0,
          "attributes": {
            "arn": "arn:aws:ssm:us-east-1:838522581324:parameter/aws/service/eks/optimized-ami/1.14/amazon-linux-2/recommended/image_id",
            "id": "/aws/service/eks/optimized-ami/1.14/amazon-linux-2/recommended/image_id",
            "name": "/aws/service/eks/optimized-ami/1.14/amazon-linux-2/recommended/image_id",
            "type": "String",
            "value": "ami-0cfce90d1d571102d",
            "version": 4,
            "with_decryption": true
          }
        }
      ]
    },
    {
      "mode": "managed",
      "type": "aws_autoscaling_group",
      "name": "EksNodeGroup",
      "each": "list",
      "provider": "provider.aws",
      "instances": [
        {
          "index_key": 0,
          "schema_version": 0,
          "attributes": {
            "arn": "arn:aws:autoscaling:us-east-1:838522581324:autoScalingGroup:e3dd9c0b-0dcb-4e65-aa2f-9a0b6b29ec28:autoScalingGroupName/EksClusterTf-standard-0",
            "availability_zones": [
              "us-east-1a"
            ],
            "default_cooldown": 60,
            "desired_capacity": 1,
            "enabled_metrics": [
              "GroupDesiredCapacity",
              "GroupInServiceInstances",
              "GroupMaxSize",
              "GroupMinSize",
              "GroupPendingInstances",
              "GroupStandbyInstances",
              "GroupTerminatingInstances",
              "GroupTotalInstances"
            ],
            "force_delete": false,
            "health_check_grace_period": 0,
            "health_check_type": "EC2",
            "id": "EksClusterTf-standard-0",
            "initial_lifecycle_hook": [],
            "launch_configuration": "",
            "launch_template": [
              {
                "id": "lt-0402d77bb33508b27",
                "name": "EksClusterTf-NodeGroup-standard",
                "version": "$Latest"
              }
            ],
            "load_balancers": [],
            "max_instance_lifetime": 0,
            "max_size": 10,
            "metrics_granularity": "1Minute",
            "min_elb_capacity": null,
            "min_size": 1,
            "mixed_instances_policy": [],
            "name": "EksClusterTf-standard-0",
            "name_prefix": null,
            "placement_group": "",
            "protect_from_scale_in": false,
            "service_linked_role_arn": "arn:aws:iam::838522581324:role/aws-service-role/autoscaling.amazonaws.com/AWSServiceRoleForAutoScaling",
            "suspended_processes": null,
            "tag": [],
            "tags": [
              {
                "key": "Application",
                "propagate_at_launch": "true",
                "value": "EksClusterTf"
              },
              {
                "key": "Environment",
                "propagate_at_launch": "true",
                "value": "dev"
              },
              {
                "key": "kubernetes.io/cluster/EksClusterTf",
                "propagate_at_launch": "true",
                "value": "1"
              }
            ],
            "target_group_arns": [],
            "termination_policies": null,
            "timeouts": null,
            "vpc_zone_identifier": [
              "subnet-0233ab82d2f14371a"
            ],
            "wait_for_capacity_timeout": "10m",
            "wait_for_elb_capacity": null
          },
          "private": "eyJlMmJmYjczMC1lY2FhLTExZTYtOGY4OC0zNDM2M2JjN2M0YzAiOnsiZGVsZXRlIjo2MDAwMDAwMDAwMDB9fQ==",
          "dependencies": [
            "aws_iam_instance_profile.EksNodeGroupInstanceProfile",
            "aws_iam_role.EksNodeGroup",
            "aws_launch_template.EksNodeGroup-standard",
            "aws_security_group.EksNodeGroup"
          ]
        },
        {
          "index_key": 1,
          "schema_version": 0,
          "attributes": {
            "arn": "arn:aws:autoscaling:us-east-1:838522581324:autoScalingGroup:276419db-df20-4487-a1d7-0dd1cb5efe4f:autoScalingGroupName/EksClusterTf-standard-1",
            "availability_zones": [
              "us-east-1b"
            ],
            "default_cooldown": 60,
            "desired_capacity": 1,
            "enabled_metrics": [
              "GroupDesiredCapacity",
              "GroupInServiceInstances",
              "GroupMaxSize",
              "GroupMinSize",
              "GroupPendingInstances",
              "GroupStandbyInstances",
              "GroupTerminatingInstances",
              "GroupTotalInstances"
            ],
            "force_delete": false,
            "health_check_grace_period": 0,
            "health_check_type": "EC2",
            "id": "EksClusterTf-standard-1",
            "initial_lifecycle_hook": [],
            "launch_configuration": "",
            "launch_template": [
              {
                "id": "lt-0402d77bb33508b27",
                "name": "EksClusterTf-NodeGroup-standard",
                "version": "$Latest"
              }
            ],
            "load_balancers": [],
            "max_instance_lifetime": 0,
            "max_size": 10,
            "metrics_granularity": "1Minute",
            "min_elb_capacity": null,
            "min_size": 1,
            "mixed_instances_policy": [],
            "name": "EksClusterTf-standard-1",
            "name_prefix": null,
            "placement_group": "",
            "protect_from_scale_in": false,
            "service_linked_role_arn": "arn:aws:iam::838522581324:role/aws-service-role/autoscaling.amazonaws.com/AWSServiceRoleForAutoScaling",
            "suspended_processes": null,
            "tag": [],
            "tags": [
              {
                "key": "Application",
                "propagate_at_launch": "true",
                "value": "EksClusterTf"
              },
              {
                "key": "Environment",
                "propagate_at_launch": "true",
                "value": "dev"
              },
              {
                "key": "kubernetes.io/cluster/EksClusterTf",
                "propagate_at_launch": "true",
                "value": "1"
              }
            ],
            "target_group_arns": [],
            "termination_policies": null,
            "timeouts": null,
            "vpc_zone_identifier": [
              "subnet-0c7a3cf7b2e829ef8"
            ],
            "wait_for_capacity_timeout": "10m",
            "wait_for_elb_capacity": null
          },
          "private": "eyJlMmJmYjczMC1lY2FhLTExZTYtOGY4OC0zNDM2M2JjN2M0YzAiOnsiZGVsZXRlIjo2MDAwMDAwMDAwMDB9fQ==",
          "dependencies": [
            "aws_iam_instance_profile.EksNodeGroupInstanceProfile",
            "aws_iam_role.EksNodeGroup",
            "aws_launch_template.EksNodeGroup-standard",
            "aws_security_group.EksNodeGroup"
          ]
        },
        {
          "index_key": 2,
          "schema_version": 0,
          "attributes": {
            "arn": "arn:aws:autoscaling:us-east-1:838522581324:autoScalingGroup:c2d8728d-b2a9-4f8b-ac3f-488e2c9e2653:autoScalingGroupName/EksClusterTf-standard-2",
            "availability_zones": [
              "us-east-1c"
            ],
            "default_cooldown": 60,
            "desired_capacity": 1,
            "enabled_metrics": [
              "GroupDesiredCapacity",
              "GroupInServiceInstances",
              "GroupMaxSize",
              "GroupMinSize",
              "GroupPendingInstances",
              "GroupStandbyInstances",
              "GroupTerminatingInstances",
              "GroupTotalInstances"
            ],
            "force_delete": false,
            "health_check_grace_period": 0,
            "health_check_type": "EC2",
            "id": "EksClusterTf-standard-2",
            "initial_lifecycle_hook": [],
            "launch_configuration": "",
            "launch_template": [
              {
                "id": "lt-0402d77bb33508b27",
                "name": "EksClusterTf-NodeGroup-standard",
                "version": "$Latest"
              }
            ],
            "load_balancers": [],
            "max_instance_lifetime": 0,
            "max_size": 10,
            "metrics_granularity": "1Minute",
            "min_elb_capacity": null,
            "min_size": 1,
            "mixed_instances_policy": [],
            "name": "EksClusterTf-standard-2",
            "name_prefix": null,
            "placement_group": "",
            "protect_from_scale_in": false,
            "service_linked_role_arn": "arn:aws:iam::838522581324:role/aws-service-role/autoscaling.amazonaws.com/AWSServiceRoleForAutoScaling",
            "suspended_processes": null,
            "tag": [],
            "tags": [
              {
                "key": "Application",
                "propagate_at_launch": "true",
                "value": "EksClusterTf"
              },
              {
                "key": "Environment",
                "propagate_at_launch": "true",
                "value": "dev"
              },
              {
                "key": "kubernetes.io/cluster/EksClusterTf",
                "propagate_at_launch": "true",
                "value": "1"
              }
            ],
            "target_group_arns": [],
            "termination_policies": null,
            "timeouts": null,
            "vpc_zone_identifier": [
              "subnet-0655629959cd0e80b"
            ],
            "wait_for_capacity_timeout": "10m",
            "wait_for_elb_capacity": null
          },
          "private": "eyJlMmJmYjczMC1lY2FhLTExZTYtOGY4OC0zNDM2M2JjN2M0YzAiOnsiZGVsZXRlIjo2MDAwMDAwMDAwMDB9fQ==",
          "dependencies": [
            "aws_iam_instance_profile.EksNodeGroupInstanceProfile",
            "aws_iam_role.EksNodeGroup",
            "aws_launch_template.EksNodeGroup-standard",
            "aws_security_group.EksNodeGroup"
          ]
        }
      ]
    },
    {
      "mode": "managed",
      "type": "aws_iam_instance_profile",
      "name": "EksNodeGroupInstanceProfile",
      "provider": "provider.aws",
      "instances": [
        {
          "schema_version": 0,
          "attributes": {
            "arn": "arn:aws:iam::838522581324:instance-profile/EksClusterTf-NodeGroup",
            "create_date": "2019-12-17T01:50:21Z",
            "id": "EksClusterTf-NodeGroup",
            "name": "EksClusterTf-NodeGroup",
            "name_prefix": null,
            "path": "/",
            "role": "EksClusterTf-NodeGroup",
            "roles": [],
            "unique_id": "AIPA4GO6XGFGF3RWR2BH3"
          },
          "private": "bnVsbA==",
          "dependencies": [
            "aws_iam_role.EksNodeGroup"
          ]
        }
      ]
    },
    {
      "mode": "managed",
      "type": "aws_iam_role",
      "name": "EksNodeGroup",
      "provider": "provider.aws",
      "instances": [
        {
          "schema_version": 0,
          "attributes": {
            "arn": "arn:aws:iam::838522581324:role/EksClusterTf-NodeGroup",
            "assume_role_policy": "{\"Version\":\"2012-10-17\",\"Statement\":[{\"Effect\":\"Allow\",\"Principal\":{\"Service\":\"ec2.amazonaws.com\"},\"Action\":\"sts:AssumeRole\"}]}",
            "create_date": "2019-12-17T01:50:19Z",
            "description": "Allow EKS agent on worker nodes to call some AWS APIs",
            "force_detach_policies": false,
            "id": "EksClusterTf-NodeGroup",
            "max_session_duration": 3600,
            "name": "EksClusterTf-NodeGroup",
            "name_prefix": null,
            "path": "/",
            "permissions_boundary": null,
            "tags": {
              "Application": "EksClusterTf",
              "Environment": "dev",
              "Name": "EksClusterTf-NodeGroup"
            },
            "unique_id": "AROA4GO6XGFGHWIKN66UN"
          },
          "private": "bnVsbA=="
        }
      ]
    },
    {
      "mode": "managed",
      "type": "aws_iam_role_policy",
      "name": "EksNodeGroup-ALBIngressControllerPolicy",
      "provider": "provider.aws",
      "instances": [
        {
          "schema_version": 0,
          "attributes": {
            "id": "EksClusterTf-NodeGroup:EksClusterTf-NodeGroup-ALBIngressControllerPolicy",
            "name": "EksClusterTf-NodeGroup-ALBIngressControllerPolicy",
            "name_prefix": null,
            "policy": "{\n    \"Version\": \"2012-10-17\",\n    \"Statement\": [\n        {\n            \"Effect\": \"Allow\",\n            \"Resource\": \"*\",\n            \"Action\": [\n                \"acm:DescribeCertificate\",\n                \"acm:ListCertificates\",\n                \"acm:GetCertificate\",\n                \"ec2:AuthorizeSecurityGroupIngress\",\n                \"ec2:RevokeSecurityGroupIngress\",\n                \"ec2:CreateSecurityGroup\",\n                \"ec2:DeleteSecurityGroup\",\n                \"ec2:CreateTags\",\n                \"ec2:DeleteTags\",\n                \"ec2:ModifyInstanceAttribute\",\n                \"ec2:ModifyNetworkInterfaceAttribute\",\n                \"ec2:Describe*\",\n                \"elasticloadbalancing:*\",\n                \"iam:CreateServiceLinkedRole\",\n                \"iam:GetServerCertificate\",\n                \"iam:ListServerCertificates\",\n                \"waf-regional:GetWebACLForResource\",\n                \"waf-regional:GetWebACL\",\n                \"waf-regional:AssociateWebACL\",\n                \"waf-regional:DisassociateWebACL\",\n                \"tag:GetResources\",\n                \"tag:TagResources\",\n                \"waf:GetWebACL\"\n            ]\n        }\n    ]\n}\n",
            "role": "EksClusterTf-NodeGroup"
          },
          "private": "bnVsbA==",
          "dependencies": [
            "aws_iam_role.EksNodeGroup"
          ]
        }
      ]
    },
    {
      "mode": "managed",
      "type": "aws_iam_role_policy",
      "name": "EksNodeGroup-ClusterAutoScalerPolicy",
      "provider": "provider.aws",
      "instances": [
        {
          "schema_version": 0,
          "attributes": {
            "id": "EksClusterTf-NodeGroup:EksClusterTf-NodeGroup-ClusterAutoScalerPolicy",
            "name": "EksClusterTf-NodeGroup-ClusterAutoScalerPolicy",
            "name_prefix": null,
            "policy": "{\n    \"Version\": \"2012-10-17\",\n    \"Statement\": [\n        {\n            \"Effect\": \"Allow\",\n            \"Resource\": \"*\",\n            \"Action\": [\n                \"autoscaling:DescribeAutoScalingGroups\",\n                \"autoscaling:DescribeAutoScalingInstances\",\n                \"autoscaling:DescribeLaunchConfigurations\",\n                \"autoscaling:DescribeTags\",\n                \"autoscaling:SetDesiredCapacity\",\n                \"autoscaling:TerminateInstanceInAutoScalingGroup\",\n                \"ec2:DescribeLaunchTemplateVersions\"\n            ]\n        }\n    ]\n}\n",
            "role": "EksClusterTf-NodeGroup"
          },
          "private": "bnVsbA==",
          "dependencies": [
            "aws_iam_role.EksNodeGroup"
          ]
        }
      ]
    },
    {
      "mode": "managed",
      "type": "aws_iam_role_policy",
      "name": "EksNodeGroup-EbsCsiDriverPolicy",
      "provider": "provider.aws",
      "instances": [
        {
          "schema_version": 0,
          "attributes": {
            "id": "EksClusterTf-NodeGroup:EksClusterTf-NodeGroup-EbsCsiDriverPolicy",
            "name": "EksClusterTf-NodeGroup-EbsCsiDriverPolicy",
            "name_prefix": null,
            "policy": "{\n    \"Version\": \"2012-10-17\",\n    \"Statement\": [\n        {\n            \"Effect\": \"Allow\",\n            \"Resource\": \"*\",\n            \"Action\": [\n                \"ec2:AttachVolume\",\n                \"ec2:CreateSnapshot\",\n                \"ec2:CreateTags\",\n                \"ec2:CreateVolume\",\n                \"ec2:DeleteSnapshot\",\n                \"ec2:DeleteTags\",\n                \"ec2:DeleteVolume\",\n                \"ec2:Describe*\",\n                \"ec2:DetachVolume\"\n            ]\n        }\n    ]\n}\n",
            "role": "EksClusterTf-NodeGroup"
          },
          "private": "bnVsbA==",
          "dependencies": [
            "aws_iam_role.EksNodeGroup"
          ]
        }
      ]
    },
    {
      "mode": "managed",
      "type": "aws_iam_role_policy_attachment",
      "name": "EksNodeGroup-AmazonEC2ContainerRegistryReadOnly",
      "provider": "provider.aws",
      "instances": [
        {
          "schema_version": 0,
          "attributes": {
            "id": "EksClusterTf-NodeGroup-20191217015021951200000003",
            "policy_arn": "arn:aws:iam::aws:policy/AmazonEC2ContainerRegistryReadOnly",
            "role": "EksClusterTf-NodeGroup"
          },
          "private": "bnVsbA==",
          "dependencies": [
            "aws_iam_role.EksNodeGroup"
          ]
        }
      ]
    },
    {
      "mode": "managed",
      "type": "aws_iam_role_policy_attachment",
      "name": "EksNodeGroup-AmazonEKSWorkerNodePolicy",
      "provider": "provider.aws",
      "instances": [
        {
          "schema_version": 0,
          "attributes": {
            "id": "EksClusterTf-NodeGroup-20191217015021893800000001",
            "policy_arn": "arn:aws:iam::aws:policy/AmazonEKSWorkerNodePolicy",
            "role": "EksClusterTf-NodeGroup"
          },
          "private": "bnVsbA==",
          "dependencies": [
            "aws_iam_role.EksNodeGroup"
          ]
        }
      ]
    },
    {
      "mode": "managed",
      "type": "aws_iam_role_policy_attachment",
      "name": "EksNodeGroup-AmazonEKS_CNI_Policy",
      "provider": "provider.aws",
      "instances": [
        {
          "schema_version": 0,
          "attributes": {
            "id": "EksClusterTf-NodeGroup-20191217015021942500000002",
            "policy_arn": "arn:aws:iam::aws:policy/AmazonEKS_CNI_Policy",
            "role": "EksClusterTf-NodeGroup"
          },
          "private": "bnVsbA==",
          "dependencies": [
            "aws_iam_role.EksNodeGroup"
          ]
        }
      ]
    },
    {
      "mode": "managed",
      "type": "aws_iam_role_policy_attachment",
      "name": "EksNodeGroup-AmazonSSM",
      "provider": "provider.aws",
      "instances": [
        {
          "schema_version": 0,
          "attributes": {
            "id": "EksClusterTf-NodeGroup-20191217015022046800000004",
            "policy_arn": "arn:aws:iam::aws:policy/AmazonSSMManagedInstanceCore",
            "role": "EksClusterTf-NodeGroup"
          },
          "private": "bnVsbA==",
          "dependencies": [
            "aws_iam_role.EksNodeGroup"
          ]
        }
      ]
    },
    {
      "mode": "managed",
      "type": "aws_launch_template",
      "name": "EksNodeGroup-standard",
      "provider": "provider.aws",
      "instances": [
        {
          "schema_version": 0,
          "attributes": {
            "arn": "arn:aws:ec2:us-east-1:838522581324:launch-template/lt-0402d77bb33508b27",
            "block_device_mappings": [],
            "capacity_reservation_specification": [],
            "credit_specification": [],
            "default_version": 1,
            "description": "",
            "disable_api_termination": false,
            "ebs_optimized": "",
            "elastic_gpu_specifications": [],
            "elastic_inference_accelerator": [],
            "iam_instance_profile": [
              {
                "arn": "",
                "name": "EksClusterTf-NodeGroup"
              }
            ],
            "id": "lt-0402d77bb33508b27",
            "image_id": "ami-0cfce90d1d571102d",
            "instance_initiated_shutdown_behavior": "",
            "instance_market_options": [],
            "instance_type": "t3a.medium",
            "kernel_id": "",
            "key_name": "general1",
            "latest_version": 1,
            "license_specification": [],
            "monitoring": [
              {
                "enabled": true
              }
            ],
            "name": "EksClusterTf-NodeGroup-standard",
            "name_prefix": null,
            "network_interfaces": [],
            "placement": [],
            "ram_disk_id": "",
            "security_group_names": null,
            "tag_specifications": [
              {
                "resource_type": "instance",
                "tags": {
                  "Application": "EksClusterTf",
                  "Environment": "dev",
                  "Name": "EksClusterTf-NodeGroup-standard"
                }
              },
              {
                "resource_type": "volume",
                "tags": {
                  "Application": "EksClusterTf",
                  "Environment": "dev",
                  "Name": "EksClusterTf-NodeGroup-standard"
                }
              }
            ],
            "tags": {
              "Application": "EksClusterTf",
              "Environment": "dev",
              "Name": "EksClusterTf-NodeGroup-standard"
            },
            "user_data": "IyEvYmluL2Jhc2gKc2V0IC1vIHh0cmFjZQovZXRjL2Vrcy9ib290c3RyYXAuc2ggXAogIC0tYXBpc2VydmVyLWVuZHBvaW50ICdodHRwczovLzk3RDk3RjM4NjFGNjZDMEFCRUE3MDg5RjlGQzNCMUZELnNrMS51cy1lYXN0LTEuZWtzLmFtYXpvbmF3cy5jb20nIFwKICAtLWI2NC1jbHVzdGVyLWNhICdMUzB0TFMxQ1JVZEpUaUJEUlZKVVNVWkpRMEZVUlMwdExTMHRDazFKU1VONVJFTkRRV0pEWjBGM1NVSkJaMGxDUVVSQlRrSm5hM0ZvYTJsSE9YY3dRa0ZSYzBaQlJFRldUVkpOZDBWUldVUldVVkZFUlhkd2NtUlhTbXdLWTIwMWJHUkhWbnBOUWpSWVJGUkZOVTFVU1hoT1ZFRTBUVVJaZVU1R2IxaEVWRWsxVFZSSmVFMXFRVFJOUkZsNVRrWnZkMFpVUlZSTlFrVkhRVEZWUlFwQmVFMUxZVE5XYVZwWVNuVmFXRkpzWTNwRFEwRlRTWGRFVVZsS1MyOWFTV2gyWTA1QlVVVkNRbEZCUkdkblJWQkJSRU5EUVZGdlEyZG5SVUpCVFVKNkNtSm9iR1JzU1hWeE4xSk5XV2hHYlhkbk9FZE9ibXBIYmxSRGJqVjJPSEEyWVVJdlJuaElXRkYyZVVoUGJFaFVNbkp4UzFjemMyVnNWalV2T0dZemRqSUtVRzkzVURSdFdpdGtSMHMyT1hNek0wOHZhSFEzVUZBNWRVZzVWMjloTVVFd1VGSjJiRFJIY1cxUFJubzNhV3hoYkdoYVluTTFPRkZHY2xCSk1TOXdOQXB4Y2xBMWFUaFBlbGRuVm5SUlprYzJVWEpvYW1wdEx6QnRjMHQxVW01cVVIaHdaWEpFTkU1UWIzcEdVMEY0S3pGWlZFTnRRbXREZGxjelNFNVNTRlpyQ21WWk1reFVNMEoyUkZKeVVXZGlkbEZrU25Gck15ODFOa1ZPUm1oMFdFWlNZVVpvTURadE5YbFROa1lyV1VoaFNuZ3ZhazVFWWprdlUzbGxhRVZaTWxnS1pFcEtiRFp2UW5ocVpsUlpaVmwwY1dWVWFXSTRPVEkwVVhOVWFIaFFXbVZLTUVsck9EWjZXV0kxUkdJMlZTOW5iMEZsUlZOaFpVWkdkVzlXT1dGV2RRcHlOVmxOUjNOMlIxaFZUbk5HZGtkcVVHSnpRMEYzUlVGQllVMXFUVU5GZDBSbldVUldVakJRUVZGSUwwSkJVVVJCWjB0clRVRTRSMEV4VldSRmQwVkNDaTkzVVVaTlFVMUNRV1k0ZDBSUldVcExiMXBKYUhaalRrRlJSVXhDVVVGRVoyZEZRa0ZNTVdVdmNFSXJZMmsyY2tST2NIcDJOSGxFUVVjM2FrdGFNelVLUkVGU1pIWjBibTlMT1RNeUswbFNNSFJSVVVGWmRXWjRaVTVaTjNSaFJUTkNOa2N3U0dsdVFrWlNZbVJtS3pOMFpYYzBjMEZsTVZBMFJGUktNWGRQUVFwdWFXZDBlVTV6ZEdaVU9IVkdiazF6ZFVGcmQxcEpZVFJhY3pSTFkwdExLMFZqYUcxVFlWVkdjVEoyVGtaRmJFMXFTelkzWlU1UlJVSlZkVVl2TWxoNUNtc3dkVFpJUW5CT2IwMU5ZMVJsUzJOTWVERmljV2REUjFNMk0wdHFTMWRhY2tsbFVFRklVakk0YzBNMVdEUlJVbmxTZUhwM2FGTmFNMjlhTVU5dmRFUUtURk5JYjFwUGIzVkNhVlJCWWtJcmQxZHFRV1ZTUWpWM1RtOVVlVWxIY21jdlFWUm9kRFJ0Y0dsdlVGZEpiWE0xYlcwNVp6WmhZblZTUkZaUlFYSXZhQW8wZHpGbmNpOU9Va1V4VTBKWVRXSldUSGwyVmpKNmJrOVJaSG94TUdkSE1IaHdjR1ZYVmxkWWRtWlBSMUJLYzBoUlMxZElORWR0VjNkVVdUMEtMUzB0TFMxRlRrUWdRMFZTVkVsR1NVTkJWRVV0TFMwdExRbz0nIFwKICAnRWtzQ2x1c3RlclRmJwo=",
            "vpc_security_group_ids": [
              "sg-0d9a67fa94155d82a"
            ]
          },
          "private": "bnVsbA==",
          "dependencies": [
            "aws_iam_instance_profile.EksNodeGroupInstanceProfile",
            "aws_iam_role.EksNodeGroup",
            "aws_security_group.EksNodeGroup"
          ]
        }
      ]
    },
    {
      "mode": "managed",
      "type": "aws_security_group",
      "name": "EksNodeGroup",
      "provider": "provider.aws",
      "instances": [
        {
          "schema_version": 1,
          "attributes": {
            "arn": "arn:aws:ec2:us-east-1:838522581324:security-group/sg-0d9a67fa94155d82a",
            "description": "Security Group for all EKS Worker Nodes",
            "egress": [
              {
                "cidr_blocks": [
                  "0.0.0.0/0"
                ],
                "description": "",
                "from_port": 0,
                "ipv6_cidr_blocks": [],
                "prefix_list_ids": [],
                "protocol": "-1",
                "security_groups": [],
                "self": false,
                "to_port": 0
              }
            ],
            "id": "sg-0d9a67fa94155d82a",
            "ingress": [],
            "name": "EksClusterTf-NodeGroup",
            "name_prefix": null,
            "owner_id": "838522581324",
            "revoke_rules_on_delete": false,
            "tags": {
              "Application": "EksClusterTf",
              "Environment": "dev",
              "Name": "EksClusterTf-NodeGroup",
              "kubernetes.io/cluster/EksClusterTf": "owned"
            },
            "timeouts": null,
            "vpc_id": "vpc-00f201ec4c27127a6"
          },
          "private": "eyJlMmJmYjczMC1lY2FhLTExZTYtOGY4OC0zNDM2M2JjN2M0YzAiOnsiY3JlYXRlIjo2MDAwMDAwMDAwMDAsImRlbGV0ZSI6NjAwMDAwMDAwMDAwfSwic2NoZW1hX3ZlcnNpb24iOiIxIn0="
        }
      ]
    },
    {
      "mode": "managed",
      "type": "aws_security_group_rule",
      "name": "EksControlPlane-Ingress-NodeGroups",
      "provider": "provider.aws",
      "instances": [
        {
          "schema_version": 2,
          "attributes": {
            "cidr_blocks": null,
            "description": "Allow Control Plane to receive communication from pods and kubelets",
            "from_port": 443,
            "id": "sgrule-4123329545",
            "ipv6_cidr_blocks": null,
            "prefix_list_ids": null,
            "protocol": "tcp",
            "security_group_id": "sg-0f894f76d939e967a",
            "self": false,
            "source_security_group_id": "sg-0d9a67fa94155d82a",
            "to_port": 443,
            "type": "ingress"
          },
          "private": "eyJzY2hlbWFfdmVyc2lvbiI6IjIifQ==",
          "dependencies": [
            "aws_security_group.EksNodeGroup"
          ]
        }
      ]
    },
    {
      "mode": "managed",
      "type": "aws_security_group_rule",
      "name": "EksNodeGroup-Ingress-ControlPlane",
      "provider": "provider.aws",
      "instances": [
        {
          "schema_version": 2,
          "attributes": {
            "cidr_blocks": null,
            "description": "Allow worker nodes and kubelets to receive communication from EKS Control Plane",
            "from_port": 1025,
            "id": "sgrule-3627893476",
            "ipv6_cidr_blocks": null,
            "prefix_list_ids": null,
            "protocol": "tcp",
            "security_group_id": "sg-0d9a67fa94155d82a",
            "self": false,
            "source_security_group_id": "sg-0f894f76d939e967a",
            "to_port": 65535,
            "type": "ingress"
          },
          "private": "eyJzY2hlbWFfdmVyc2lvbiI6IjIifQ==",
          "dependencies": [
            "aws_security_group.EksNodeGroup"
          ]
        }
      ]
    },
    {
      "mode": "managed",
      "type": "aws_security_group_rule",
      "name": "EksNodeGroup-Ingress-Self",
      "provider": "provider.aws",
      "instances": [
        {
          "schema_version": 2,
          "attributes": {
            "cidr_blocks": null,
            "description": "Allow worker nodes to communicate with other",
            "from_port": 0,
            "id": "sgrule-1113280377",
            "ipv6_cidr_blocks": null,
            "prefix_list_ids": null,
            "protocol": "-1",
            "security_group_id": "sg-0d9a67fa94155d82a",
            "self": false,
            "source_security_group_id": "sg-0f894f76d939e967a",
            "to_port": 65535,
            "type": "ingress"
          },
          "private": "eyJzY2hlbWFfdmVyc2lvbiI6IjIifQ==",
          "dependencies": [
            "aws_security_group.EksNodeGroup"
          ]
        }
      ]
    }
  ]
}
