{
  "version": 4,
  "terraform_version": "0.12.18",
  "serial": 30,
  "lineage": "de41dfeb-f79f-a753-7a3d-b8810c1e2d17",
  "outputs": {},
  "resources": [
    {
      "mode": "data",
      "type": "aws_caller_identity",
      "name": "current",
      "provider": "provider.aws",
      "instances": [
        {
          "schema_version": 0,
          "attributes": {
            "account_id": "838522581324",
            "arn": "arn:aws:iam::838522581324:user/admin",
            "id": "2020-03-07 14:43:42.853468 +0000 UTC",
            "user_id": "AIDAJ6OCBVNQ5AHSD5RTE"
          }
        }
      ]
    },
    {
      "mode": "data",
      "type": "aws_eks_cluster",
      "name": "current",
      "provider": "provider.aws",
      "instances": [
        {
          "schema_version": 0,
          "attributes": {
            "arn": "arn:aws:eks:us-east-1:838522581324:cluster/TfEksDemo",
            "certificate_authority": [
              {
                "data": "LS0tLS1CRUdJTiBDRVJUSUZJQ0FURS0tLS0tCk1JSUN5RENDQWJDZ0F3SUJBZ0lCQURBTkJna3Foa2lHOXcwQkFRc0ZBREFWTVJNd0VRWURWUVFERXdwcmRXSmwKY201bGRHVnpNQjRYRFRFNU1USXpNVEEzTWprME1sb1hEVEk1TVRJeU9EQTNNamswTWxvd0ZURVRNQkVHQTFVRQpBeE1LYTNWaVpYSnVaWFJsY3pDQ0FTSXdEUVlKS29aSWh2Y05BUUVCQlFBRGdnRVBBRENDQVFvQ2dnRUJBTGl2CklFUzJGam4rcUJJeHh5RGVwTHRGcjFITHhNRVRyeWU4eTBpNTRNWlQ2eC9qb0E3ZHB2T3l2cmdQYlMzdzROSkoKckMybUVRU3JkWGdpcjBndDlCZWMwTHF2bzMza3BMSWxZZDc5aDh6ci9DWHNSYzF4eTF0Y04xcFpPQ09qcWVmNApIbVVnTmtRU3JQd2g1cEdXcDdHSllUeHljcHRoNEdtVDFqRCtOSHc2dkp5d0JkUC81WExVNUI2SUVnUTNZbUpzCjZFUUtHZkZad0pvUjc3ZmpaMk1qSW85S2xYRTJsc3U1TVptT0dSaE4zU0xVUDlkRzROVnYvQjNyMUdtVlljVTQKQjNZQnB3MzlkbzN0SGlWdDU0YndqTG1mT3hRRkpVMnQ4dGtxN25oOCtKd3hXb21uNjh5QWFZTDh2NHN2VkE2Wgp6WFBaaHBBLzllTzU2ZzNBRUxjQ0F3RUFBYU1qTUNFd0RnWURWUjBQQVFIL0JBUURBZ0trTUE4R0ExVWRFd0VCCi93UUZNQU1CQWY4d0RRWUpLb1pJaHZjTkFRRUxCUUFEZ2dFQkFHNW5BaEFiN2NBMHJwQ0F0Qnp1Myt3VER5c2cKYTgzZy9INzltc1NzQU1VVVhpSzM1aDRWM1NCSGxmUXAxYmNGWHlSVENlYStEQVB2OFpGb0lxRlFOTS91d3ZGWAorR2Rud05JQjNVM3h1aXlWQ2lwL0xtQ2w1NmJjRnowc0N4UDR6ZVRJc1Frc1BFbjRmdkVOVnBJaHJGT0NTRUZMCjU4aU1kVlFCdS9yYnVpVHIwZmVVQk0xMlpIL1NDU1NXam1sR2xTSmM4RWhNZkgxYk5weGtvaGlDbHZnclF0OEoKOWVMd2tLVVJDWmlRRGk4MUd4SXo3S1gvLyt2eENmS3VhVWdFdS9ZY2tqWjhIS3ZodjhENCszSzBqNVE3aE1CeApZUitCRU9aZzN4c0N2WkNVSlRXb1RaYXJQeXpXTlpISDRHcE05eDhKUGYxNWs1YkYvTExKZGx0OTFjYz0KLS0tLS1FTkQgQ0VSVElGSUNBVEUtLS0tLQo="
              }
            ],
            "created_at": "2019-12-31 07:22:00 +0000 UTC",
            "enabled_cluster_log_types": [
              "api",
              "authenticator"
            ],
            "endpoint": "https://07BAF1CB19A79F9351577F7F70643E12.gr7.us-east-1.eks.amazonaws.com",
            "id": "TfEksDemo",
            "identity": [
              {
                "oidc": [
                  {
                    "issuer": "https://oidc.eks.us-east-1.amazonaws.com/id/07BAF1CB19A79F9351577F7F70643E12"
                  }
                ]
              }
            ],
            "name": "TfEksDemo",
            "platform_version": "eks.7",
            "role_arn": "arn:aws:iam::838522581324:role/TfEksDemo-ControlPlane",
            "status": "ACTIVE",
            "tags": {
              "Application": "TfEksDemo",
              "Environment": "dev",
              "Name": "TfEksDemo"
            },
            "version": "1.14",
            "vpc_config": [
              {
                "cluster_security_group_id": "sg-0448aafc591484a9a",
                "endpoint_private_access": true,
                "endpoint_public_access": true,
                "public_access_cidrs": [
                  "0.0.0.0/0"
                ],
                "security_group_ids": [],
                "subnet_ids": [
                  "subnet-00d8f48857a9b10e9",
                  "subnet-08772b1cee272585f",
                  "subnet-0df4e9a4e741e33ef"
                ],
                "vpc_id": "vpc-03b587bb9e076424c"
              }
            ]
          }
        }
      ]
    },
    {
      "mode": "managed",
      "type": "aws_iam_policy",
      "name": "alb-ingress-controller",
      "provider": "provider.aws",
      "instances": [
        {
          "schema_version": 0,
          "attributes": {
            "arn": "arn:aws:iam::838522581324:policy/TfEksDemo-ALBIngressController",
            "description": "TfEksDemo: Permissions for ALB Ingress Controller",
            "id": "arn:aws:iam::838522581324:policy/TfEksDemo-ALBIngressController",
            "name": "TfEksDemo-ALBIngressController",
            "name_prefix": null,
            "path": "/",
            "policy": "{\n  \"Version\": \"2012-10-17\",\n  \"Statement\": [\n    {\n      \"Effect\": \"Allow\",\n      \"Action\": [\n        \"acm:DescribeCertificate\",\n        \"acm:ListCertificates\",\n        \"acm:GetCertificate\"\n      ],\n      \"Resource\": \"*\"\n    },\n    {\n      \"Effect\": \"Allow\",\n      \"Action\": [\n        \"ec2:AuthorizeSecurityGroupIngress\",\n        \"ec2:CreateSecurityGroup\",\n        \"ec2:CreateTags\",\n        \"ec2:DeleteTags\",\n        \"ec2:DeleteSecurityGroup\",\n        \"ec2:DescribeAccountAttributes\",\n        \"ec2:DescribeAddresses\",\n        \"ec2:DescribeInstances\",\n        \"ec2:DescribeInstanceStatus\",\n        \"ec2:DescribeInternetGateways\",\n        \"ec2:DescribeNetworkInterfaces\",\n        \"ec2:DescribeSecurityGroups\",\n        \"ec2:DescribeSubnets\",\n        \"ec2:DescribeTags\",\n        \"ec2:DescribeVpcs\",\n        \"ec2:ModifyInstanceAttribute\",\n        \"ec2:ModifyNetworkInterfaceAttribute\",\n        \"ec2:RevokeSecurityGroupIngress\"\n      ],\n      \"Resource\": \"*\"\n    },\n    {\n      \"Effect\": \"Allow\",\n      \"Action\": [\n        \"elasticloadbalancing:AddListenerCertificates\",\n        \"elasticloadbalancing:AddTags\",\n        \"elasticloadbalancing:CreateListener\",\n        \"elasticloadbalancing:CreateLoadBalancer\",\n        \"elasticloadbalancing:CreateRule\",\n        \"elasticloadbalancing:CreateTargetGroup\",\n        \"elasticloadbalancing:DeleteListener\",\n        \"elasticloadbalancing:DeleteLoadBalancer\",\n        \"elasticloadbalancing:DeleteRule\",\n        \"elasticloadbalancing:DeleteTargetGroup\",\n        \"elasticloadbalancing:DeregisterTargets\",\n        \"elasticloadbalancing:DescribeListenerCertificates\",\n        \"elasticloadbalancing:DescribeListeners\",\n        \"elasticloadbalancing:DescribeLoadBalancers\",\n        \"elasticloadbalancing:DescribeLoadBalancerAttributes\",\n        \"elasticloadbalancing:DescribeRules\",\n        \"elasticloadbalancing:DescribeSSLPolicies\",\n        \"elasticloadbalancing:DescribeTags\",\n        \"elasticloadbalancing:DescribeTargetGroups\",\n        \"elasticloadbalancing:DescribeTargetGroupAttributes\",\n        \"elasticloadbalancing:DescribeTargetHealth\",\n        \"elasticloadbalancing:ModifyListener\",\n        \"elasticloadbalancing:ModifyLoadBalancerAttributes\",\n        \"elasticloadbalancing:ModifyRule\",\n        \"elasticloadbalancing:ModifyTargetGroup\",\n        \"elasticloadbalancing:ModifyTargetGroupAttributes\",\n        \"elasticloadbalancing:RegisterTargets\",\n        \"elasticloadbalancing:RemoveListenerCertificates\",\n        \"elasticloadbalancing:RemoveTags\",\n        \"elasticloadbalancing:SetIpAddressType\",\n        \"elasticloadbalancing:SetSecurityGroups\",\n        \"elasticloadbalancing:SetSubnets\",\n        \"elasticloadbalancing:SetWebACL\"\n      ],\n      \"Resource\": \"*\"\n    },\n    {\n      \"Effect\": \"Allow\",\n      \"Action\": [\n        \"iam:CreateServiceLinkedRole\",\n        \"iam:GetServerCertificate\",\n        \"iam:ListServerCertificates\"\n      ],\n      \"Resource\": \"*\"\n    },\n    {\n      \"Effect\": \"Allow\",\n      \"Action\": [\n        \"cognito-idp:DescribeUserPoolClient\"\n      ],\n      \"Resource\": \"*\"\n    },\n    {\n      \"Effect\": \"Allow\",\n      \"Action\": [\n        \"waf-regional:GetWebACLForResource\",\n        \"waf-regional:GetWebACL\",\n        \"waf-regional:AssociateWebACL\",\n        \"waf-regional:DisassociateWebACL\"\n      ],\n      \"Resource\": \"*\"\n    },\n    {\n      \"Effect\": \"Allow\",\n      \"Action\": [\n        \"tag:GetResources\",\n        \"tag:TagResources\"\n      ],\n      \"Resource\": \"*\"\n    },\n    {\n      \"Effect\": \"Allow\",\n      \"Action\": [\n        \"waf:GetWebACL\"\n      ],\n      \"Resource\": \"*\"\n    },\n    {\n      \"Effect\": \"Allow\",\n      \"Action\": [\n        \"shield:DescribeProtection\",\n        \"shield:GetSubscriptionState\",\n        \"shield:DeleteProtection\",\n        \"shield:CreateProtection\",\n        \"shield:DescribeSubscription\",\n        \"shield:ListProtections\"\n      ],\n      \"Resource\": \"*\"\n    }\n  ]\n}\n"
          },
          "private": "bnVsbA=="
        }
      ]
    },
    {
      "mode": "managed",
      "type": "aws_iam_role",
      "name": "alb-ingress-controller",
      "provider": "provider.aws",
      "instances": [
        {
          "schema_version": 0,
          "attributes": {
            "arn": "arn:aws:iam::838522581324:role/TfEksDemo-ALBIngressController",
            "assume_role_policy": "{\"Version\":\"2012-10-17\",\"Statement\":[{\"Effect\":\"Allow\",\"Principal\":{\"Federated\":\"arn:aws:iam::838522581324:oidc-provider/oidc.eks.us-east-1.amazonaws.com/id/07BAF1CB19A79F9351577F7F70643E12\"},\"Action\":\"sts:AssumeRoleWithWebIdentity\",\"Condition\":{\"StringEquals\":{\"oidc.eks.us-east-1.amazonaws.com/id/07BAF1CB19A79F9351577F7F70643E12:sub\":\"system:serviceaccount:kube-system:alb-ingress-controller\"}}}]}",
            "create_date": "2020-03-07T14:43:59Z",
            "description": "",
            "force_detach_policies": false,
            "id": "TfEksDemo-ALBIngressController",
            "max_session_duration": 3600,
            "name": "TfEksDemo-ALBIngressController",
            "name_prefix": null,
            "path": "/",
            "permissions_boundary": null,
            "tags": {
              "Application": "TfEksDemo",
              "Environment": "dev",
              "Name": "TfEksDemo-ALBIngressControllerRole"
            },
            "unique_id": "AROA4GO6XGFGGD5JWPAWR"
          },
          "private": "bnVsbA=="
        }
      ]
    },
    {
      "mode": "managed",
      "type": "aws_iam_role_policy_attachment",
      "name": "alb-ingress-controller",
      "provider": "provider.aws",
      "instances": [
        {
          "schema_version": 0,
          "attributes": {
            "id": "TfEksDemo-ALBIngressController-20200307144402638100000001",
            "policy_arn": "arn:aws:iam::838522581324:policy/TfEksDemo-ALBIngressController",
            "role": "TfEksDemo-ALBIngressController"
          },
          "private": "bnVsbA==",
          "dependencies": [
            "aws_iam_policy.alb-ingress-controller",
            "aws_iam_role.alb-ingress-controller"
          ]
        }
      ]
    },
    {
      "mode": "managed",
      "type": "kubernetes_cluster_role",
      "name": "alb-ingress-controller",
      "provider": "provider.kubernetes",
      "instances": [
        {
          "schema_version": 0,
          "attributes": {
            "id": "alb-ingress-controller",
            "metadata": [
              {
                "annotations": null,
                "generation": 0,
                "labels": {
                  "app.kubernetes.io/name": "alb-ingress-controller"
                },
                "name": "alb-ingress-controller",
                "resource_version": "10141238",
                "self_link": "/apis/rbac.authorization.k8s.io/v1/clusterroles/alb-ingress-controller",
                "uid": "11ce8e9f-6082-11ea-adbc-127179871bb7"
              }
            ],
            "rule": [
              {
                "api_groups": [
                  "",
                  "extensions"
                ],
                "non_resource_urls": null,
                "resource_names": null,
                "resources": [
                  "configmaps",
                  "endpoints",
                  "events",
                  "ingresses",
                  "ingresses/status",
                  "services"
                ],
                "verbs": [
                  "create",
                  "get",
                  "list",
                  "update",
                  "watch",
                  "patch"
                ]
              },
              {
                "api_groups": [
                  "",
                  "extensions"
                ],
                "non_resource_urls": null,
                "resource_names": null,
                "resources": [
                  "nodes",
                  "pods",
                  "secrets",
                  "services",
                  "namespaces"
                ],
                "verbs": [
                  "get",
                  "list",
                  "watch"
                ]
              }
            ]
          },
          "private": "bnVsbA=="
        }
      ]
    },
    {
      "mode": "managed",
      "type": "kubernetes_cluster_role_binding",
      "name": "alb-ingress-controller",
      "provider": "provider.kubernetes",
      "instances": [
        {
          "schema_version": 0,
          "attributes": {
            "id": "alb-ingress-controller",
            "metadata": [
              {
                "annotations": null,
                "generation": 0,
                "labels": {
                  "app.kubernetes.io/name": "alb-ingress-controller"
                },
                "name": "alb-ingress-controller",
                "resource_version": "10141257",
                "self_link": "/apis/rbac.authorization.k8s.io/v1/clusterrolebindings/alb-ingress-controller",
                "uid": "16089a51-6082-11ea-adbc-127179871bb7"
              }
            ],
            "role_ref": [
              {
                "api_group": "rbac.authorization.k8s.io",
                "kind": "ClusterRole",
                "name": "alb-ingress-controller"
              }
            ],
            "subject": [
              {
                "api_group": "",
                "kind": "ServiceAccount",
                "name": "alb-ingress-controller",
                "namespace": "kube-system"
              }
            ]
          },
          "private": "bnVsbA==",
          "dependencies": [
            "aws_iam_role.alb-ingress-controller",
            "kubernetes_cluster_role.alb-ingress-controller",
            "kubernetes_service_account.alb-ingress-controller"
          ]
        }
      ]
    },
    {
      "mode": "managed",
      "type": "kubernetes_deployment",
      "name": "alb-ingress-controller",
      "provider": "provider.kubernetes",
      "instances": [
        {
          "schema_version": 0,
          "attributes": {
            "id": "kube-system/alb-ingress-controller",
            "metadata": [
              {
                "annotations": null,
                "generate_name": "",
                "generation": 1,
                "labels": {
                  "app.kubernetes.io/name": "alb-ingress-controller"
                },
                "name": "alb-ingress-controller",
                "namespace": "kube-system",
                "resource_version": "10141279",
                "self_link": "/apis/apps/v1/namespaces/kube-system/deployments/alb-ingress-controller",
                "uid": "16510004-6082-11ea-adbc-127179871bb7"
              }
            ],
            "spec": [
              {
                "min_ready_seconds": 0,
                "paused": false,
                "progress_deadline_seconds": 600,
                "replicas": 1,
                "revision_history_limit": 10,
                "selector": [
                  {
                    "match_expressions": [],
                    "match_labels": {
                      "app.kubernetes.io/name": "alb-ingress-controller"
                    }
                  }
                ],
                "strategy": [
                  {
                    "rolling_update": [],
                    "type": "Recreate"
                  }
                ],
                "template": [
                  {
                    "metadata": [
                      {
                        "annotations": null,
                        "generate_name": "",
                        "generation": 0,
                        "labels": {
                          "app.kubernetes.io/name": "alb-ingress-controller"
                        },
                        "name": "",
                        "namespace": "",
                        "resource_version": "",
                        "self_link": "",
                        "uid": ""
                      }
                    ],
                    "spec": [
                      {
                        "active_deadline_seconds": 0,
                        "affinity": [],
                        "automount_service_account_token": true,
                        "container": [
                          {
                            "args": [
                              "--ingress-class=alb",
                              "--cluster-name=TfEksDemo"
                            ],
                            "command": null,
                            "env": [],
                            "env_from": [],
                            "image": "docker.io/amazon/aws-alb-ingress-controller:v1.1.5",
                            "image_pull_policy": "IfNotPresent",
                            "lifecycle": [],
                            "liveness_probe": [],
                            "name": "alb-ingress-controller",
                            "port": [],
                            "readiness_probe": [],
                            "resources": [
                              {
                                "limits": null,
                                "requests": null
                              }
                            ],
                            "security_context": [],
                            "startup_probe": [],
                            "stdin": false,
                            "stdin_once": false,
                            "termination_message_path": "/dev/termination-log",
                            "tty": false,
                            "volume_mount": [],
                            "working_dir": ""
                          }
                        ],
                        "dns_config": [],
                        "dns_policy": "ClusterFirst",
                        "host_aliases": [],
                        "host_ipc": false,
                        "host_network": false,
                        "host_pid": false,
                        "hostname": "",
                        "image_pull_secrets": [],
                        "init_container": [],
                        "node_name": "",
                        "node_selector": null,
                        "priority_class_name": "",
                        "restart_policy": "Always",
                        "security_context": [],
                        "service_account_name": "alb-ingress-controller",
                        "share_process_namespace": false,
                        "subdomain": "",
                        "termination_grace_period_seconds": 30,
                        "toleration": [],
                        "volume": []
                      }
                    ]
                  }
                ]
              }
            ],
            "timeouts": null
          },
          "private": "eyJlMmJmYjczMC1lY2FhLTExZTYtOGY4OC0zNDM2M2JjN2M0YzAiOnsiY3JlYXRlIjo2MDAwMDAwMDAwMDAsImRlbGV0ZSI6NjAwMDAwMDAwMDAwLCJ1cGRhdGUiOjYwMDAwMDAwMDAwMH19",
          "dependencies": [
            "aws_iam_role.alb-ingress-controller",
            "kubernetes_service_account.alb-ingress-controller"
          ]
        }
      ]
    },
    {
      "mode": "managed",
      "type": "kubernetes_service_account",
      "name": "alb-ingress-controller",
      "provider": "provider.kubernetes",
      "instances": [
        {
          "schema_version": 0,
          "attributes": {
            "automount_service_account_token": false,
            "default_secret_name": "alb-ingress-controller-token-9v59d",
            "id": "kube-system/alb-ingress-controller",
            "image_pull_secret": [],
            "metadata": [
              {
                "annotations": {
                  "eks.amazonaws.com/role-arn": "arn:aws:iam::838522581324:role/TfEksDemo-ALBIngressController"
                },
                "generate_name": "",
                "generation": 0,
                "labels": {
                  "app.kubernetes.io/name": "alb-ingress-controller"
                },
                "name": "alb-ingress-controller",
                "namespace": "kube-system",
                "resource_version": "10141250",
                "self_link": "/api/v1/namespaces/kube-system/serviceaccounts/alb-ingress-controller",
                "uid": "150803f6-6082-11ea-adbc-127179871bb7"
              }
            ],
            "secret": [],
            "timeouts": null
          },
          "private": "eyJlMmJmYjczMC1lY2FhLTExZTYtOGY4OC0zNDM2M2JjN2M0YzAiOnsiY3JlYXRlIjozMDAwMDAwMDAwMH19",
          "dependencies": [
            "aws_iam_role.alb-ingress-controller"
          ]
        }
      ]
    }
  ]
}
