{
  "version": 4,
  "terraform_version": "0.12.18",
  "serial": 11,
  "lineage": "079e5d3f-5468-0d02-8d9e-ab327f64e1ef",
  "outputs": {
    "cluster_arn": {
      "value": "arn:aws:eks:us-east-1:838522581324:cluster/EksClusterTf",
      "type": "string"
    },
    "cluster_certificate_authority": {
      "value": [
        {
          "data": "LS0tLS1CRUdJTiBDRVJUSUZJQ0FURS0tLS0tCk1JSUN5RENDQWJDZ0F3SUJBZ0lCQURBTkJna3Foa2lHOXcwQkFRc0ZBREFWTVJNd0VRWURWUVFERXdwcmRXSmwKY201bGRHVnpNQjRYRFRFNU1USXhOVEE0TURZeU5Gb1hEVEk1TVRJeE1qQTRNRFl5TkZvd0ZURVRNQkVHQTFVRQpBeE1LYTNWaVpYSnVaWFJsY3pDQ0FTSXdEUVlKS29aSWh2Y05BUUVCQlFBRGdnRVBBRENDQVFvQ2dnRUJBTUJ6CmJobGRsSXVxN1JNWWhGbXdnOEdObmpHblRDbjV2OHA2YUIvRnhIWFF2eUhPbEhUMnJxS1czc2VsVjUvOGYzdjIKUG93UDRtWitkR0s2OXMzM08vaHQ3UFA5dUg5V29hMUEwUFJ2bDRHcW1PRno3aWxhbGhaYnM1OFFGclBJMS9wNApxclA1aThPeldnVnRRZkc2UXJoamptLzBtc0t1Um5qUHhwZXJENE5Qb3pGU0F4KzFZVENtQmtDdlczSE5SSFZrCmVZMkxUM0J2RFJyUWdidlFkSnFrMy81NkVORmh0WEZSYUZoMDZtNXlTNkYrWUhhSngvak5EYjkvU3llaEVZMlgKZEpKbDZvQnhqZlRZZVl0cWVUaWI4OTI0UXNUaHhQWmVKMElrODZ6WWI1RGI2VS9nb0FlRVNhZUZGdW9WOWFWdQpyNVlNR3N2R1hVTnNGdkdqUGJzQ0F3RUFBYU1qTUNFd0RnWURWUjBQQVFIL0JBUURBZ0trTUE4R0ExVWRFd0VCCi93UUZNQU1CQWY4d0RRWUpLb1pJaHZjTkFRRUxCUUFEZ2dFQkFMMWUvcEIrY2k2ckROcHp2NHlEQUc3aktaMzUKREFSZHZ0bm9LOTMyK0lSMHRRUUFZdWZ4ZU5ZN3RhRTNCNkcwSGluQkZSYmRmKzN0ZXc0c0FlMVA0RFRKMXdPQQpuaWd0eU5zdGZUOHVGbk1zdUFrd1pJYTRaczRLY0tLK0VjaG1TYVVGcTJ2TkZFbE1qSzY3ZU5RRUJVdUYvMlh5CmswdTZIQnBOb01NY1RlS2NMeDFicWdDR1M2M0tqS1dackllUEFIUjI4c0M1WDRRUnlSeHp3aFNaM29aMU9vdEQKTFNIb1pPb3VCaVRBYkIrd1dqQWVSQjV3Tm9UeUlHcmcvQVRodDRtcGlvUFdJbXM1bW05ZzZhYnVSRFZRQXIvaAo0dzFnci9OUkUxU0JYTWJWTHl2VjJ6bk9RZHoxMGdHMHhwcGVXVldYdmZPR1BKc0hRS1dINEdtV3dUWT0KLS0tLS1FTkQgQ0VSVElGSUNBVEUtLS0tLQo="
        }
      ],
      "type": [
        "list",
        [
          "object",
          {
            "data": "string"
          }
        ]
      ]
    },
    "cluster_endpoint": {
      "value": "https://97D97F3861F66C0ABEA7089F9FC3B1FD.sk1.us-east-1.eks.amazonaws.com",
      "type": "string"
    },
    "cluster_id": {
      "value": "EksClusterTf",
      "type": "string"
    },
    "cluster_identity": {
      "value": [
        {
          "oidc": [
            {
              "issuer": "https://oidc.eks.us-east-1.amazonaws.com/id/97D97F3861F66C0ABEA7089F9FC3B1FD"
            }
          ]
        }
      ],
      "type": [
        "list",
        [
          "object",
          {
            "oidc": [
              "list",
              [
                "object",
                {
                  "issuer": "string"
                }
              ]
            ]
          }
        ]
      ]
    },
    "cluster_k8s_version": {
      "value": "1.14",
      "type": "string"
    },
    "cluster_name": {
      "value": "EksClusterTf",
      "type": "string"
    },
    "cluster_platform_version": {
      "value": "eks.5",
      "type": "string"
    },
    "cluster_private_subnet_ids": {
      "value": [
        "subnet-0233ab82d2f14371a",
        "subnet-0c7a3cf7b2e829ef8",
        "subnet-0655629959cd0e80b"
      ],
      "type": [
        "list",
        "string"
      ]
    },
    "cluster_security_group_id": {
      "value": "sg-0f894f76d939e967a",
      "type": "string"
    },
    "cluster_vpc_id": {
      "value": "vpc-00f201ec4c27127a6",
      "type": "string"
    }
  },
  "resources": [
    {
      "mode": "data",
      "type": "aws_region",
      "name": "current",
      "provider": "provider.aws",
      "instances": [
        {
          "schema_version": 0,
          "attributes": {
            "current": null,
            "description": "US East (N. Virginia)",
            "endpoint": "ec2.us-east-1.amazonaws.com",
            "id": "us-east-1",
            "name": "us-east-1"
          }
        }
      ]
    },
    {
      "mode": "managed",
      "type": "aws_cloudwatch_log_group",
      "name": "EksControlPlane",
      "provider": "provider.aws",
      "instances": [
        {
          "schema_version": 0,
          "attributes": {
            "arn": "arn:aws:logs:us-east-1:838522581324:log-group:/aws/eks/EksClusterTf/cluster:*",
            "id": "/aws/eks/EksClusterTf/cluster",
            "kms_key_id": "",
            "name": "/aws/eks/EksClusterTf/cluster",
            "name_prefix": null,
            "retention_in_days": 30,
            "tags": {}
          },
          "private": "bnVsbA=="
        }
      ]
    },
    {
      "mode": "managed",
      "type": "aws_eks_cluster",
      "name": "EksControlPlane",
      "provider": "provider.aws",
      "instances": [
        {
          "schema_version": 0,
          "attributes": {
            "arn": "arn:aws:eks:us-east-1:838522581324:cluster/EksClusterTf",
            "certificate_authority": [
              {
                "data": "LS0tLS1CRUdJTiBDRVJUSUZJQ0FURS0tLS0tCk1JSUN5RENDQWJDZ0F3SUJBZ0lCQURBTkJna3Foa2lHOXcwQkFRc0ZBREFWTVJNd0VRWURWUVFERXdwcmRXSmwKY201bGRHVnpNQjRYRFRFNU1USXhOVEE0TURZeU5Gb1hEVEk1TVRJeE1qQTRNRFl5TkZvd0ZURVRNQkVHQTFVRQpBeE1LYTNWaVpYSnVaWFJsY3pDQ0FTSXdEUVlKS29aSWh2Y05BUUVCQlFBRGdnRVBBRENDQVFvQ2dnRUJBTUJ6CmJobGRsSXVxN1JNWWhGbXdnOEdObmpHblRDbjV2OHA2YUIvRnhIWFF2eUhPbEhUMnJxS1czc2VsVjUvOGYzdjIKUG93UDRtWitkR0s2OXMzM08vaHQ3UFA5dUg5V29hMUEwUFJ2bDRHcW1PRno3aWxhbGhaYnM1OFFGclBJMS9wNApxclA1aThPeldnVnRRZkc2UXJoamptLzBtc0t1Um5qUHhwZXJENE5Qb3pGU0F4KzFZVENtQmtDdlczSE5SSFZrCmVZMkxUM0J2RFJyUWdidlFkSnFrMy81NkVORmh0WEZSYUZoMDZtNXlTNkYrWUhhSngvak5EYjkvU3llaEVZMlgKZEpKbDZvQnhqZlRZZVl0cWVUaWI4OTI0UXNUaHhQWmVKMElrODZ6WWI1RGI2VS9nb0FlRVNhZUZGdW9WOWFWdQpyNVlNR3N2R1hVTnNGdkdqUGJzQ0F3RUFBYU1qTUNFd0RnWURWUjBQQVFIL0JBUURBZ0trTUE4R0ExVWRFd0VCCi93UUZNQU1CQWY4d0RRWUpLb1pJaHZjTkFRRUxCUUFEZ2dFQkFMMWUvcEIrY2k2ckROcHp2NHlEQUc3aktaMzUKREFSZHZ0bm9LOTMyK0lSMHRRUUFZdWZ4ZU5ZN3RhRTNCNkcwSGluQkZSYmRmKzN0ZXc0c0FlMVA0RFRKMXdPQQpuaWd0eU5zdGZUOHVGbk1zdUFrd1pJYTRaczRLY0tLK0VjaG1TYVVGcTJ2TkZFbE1qSzY3ZU5RRUJVdUYvMlh5CmswdTZIQnBOb01NY1RlS2NMeDFicWdDR1M2M0tqS1dackllUEFIUjI4c0M1WDRRUnlSeHp3aFNaM29aMU9vdEQKTFNIb1pPb3VCaVRBYkIrd1dqQWVSQjV3Tm9UeUlHcmcvQVRodDRtcGlvUFdJbXM1bW05ZzZhYnVSRFZRQXIvaAo0dzFnci9OUkUxU0JYTWJWTHl2VjJ6bk9RZHoxMGdHMHhwcGVXVldYdmZPR1BKc0hRS1dINEdtV3dUWT0KLS0tLS1FTkQgQ0VSVElGSUNBVEUtLS0tLQo="
              }
            ],
            "created_at": "2019-12-15 07:58:41 +0000 UTC",
            "enabled_cluster_log_types": [
              "api",
              "audit",
              "authenticator"
            ],
            "endpoint": "https://97D97F3861F66C0ABEA7089F9FC3B1FD.sk1.us-east-1.eks.amazonaws.com",
            "id": "EksClusterTf",
            "identity": [
              {
                "oidc": [
                  {
                    "issuer": "https://oidc.eks.us-east-1.amazonaws.com/id/97D97F3861F66C0ABEA7089F9FC3B1FD"
                  }
                ]
              }
            ],
            "name": "EksClusterTf",
            "platform_version": "eks.5",
            "role_arn": "arn:aws:iam::838522581324:role/EksClusterTf-ControlPlane",
            "status": "ACTIVE",
            "tags": {
              "Application": "EksClusterTf",
              "Environment": "dev",
              "Name": "EksClusterTf"
            },
            "timeouts": null,
            "version": "1.14",
            "vpc_config": [
              {
                "cluster_security_group_id": "sg-0f894f76d939e967a",
                "endpoint_private_access": true,
                "endpoint_public_access": true,
                "security_group_ids": [
                  "sg-0fbfd265afade38d1"
                ],
                "subnet_ids": [
                  "subnet-0233ab82d2f14371a",
                  "subnet-0655629959cd0e80b",
                  "subnet-0c7a3cf7b2e829ef8"
                ],
                "vpc_id": "vpc-00f201ec4c27127a6"
              }
            ]
          },
          "private": "eyJlMmJmYjczMC1lY2FhLTExZTYtOGY4OC0zNDM2M2JjN2M0YzAiOnsiY3JlYXRlIjoxODAwMDAwMDAwMDAwLCJkZWxldGUiOjkwMDAwMDAwMDAwMCwidXBkYXRlIjozNjAwMDAwMDAwMDAwfX0=",
          "dependencies": [
            "aws_cloudwatch_log_group.EksControlPlane",
            "aws_iam_role.EksControlPlane",
            "aws_iam_role_policy.EksCloudWatchMetricsPolicy",
            "aws_iam_role_policy_attachment.EksControlPlane-AmazonEKSClusterPolicy",
            "aws_iam_role_policy_attachment.EksControlPlane-AmazonEKSServicePolicy",
            "aws_security_group.EksControlPlane"
          ]
        }
      ]
    },
    {
      "mode": "managed",
      "type": "aws_iam_role",
      "name": "EksControlPlane",
      "provider": "provider.aws",
      "instances": [
        {
          "schema_version": 0,
          "attributes": {
            "arn": "arn:aws:iam::838522581324:role/EksClusterTf-ControlPlane",
            "assume_role_policy": "{\"Version\":\"2012-10-17\",\"Statement\":[{\"Effect\":\"Allow\",\"Principal\":{\"Service\":\"eks.amazonaws.com\"},\"Action\":\"sts:AssumeRole\"}]}",
            "create_date": "2019-12-15T07:52:06Z",
            "description": "Allow Amazon EKS Control Plane access to our account resources",
            "force_detach_policies": false,
            "id": "EksClusterTf-ControlPlane",
            "max_session_duration": 3600,
            "name": "EksClusterTf-ControlPlane",
            "name_prefix": null,
            "path": "/",
            "permissions_boundary": null,
            "tags": {
              "Application": "EksClusterTf",
              "Environment": "dev",
              "Name": "EksClusterTf-ControlPlane"
            },
            "unique_id": "AROA4GO6XGFGJI24C6VS4"
          },
          "private": "bnVsbA=="
        }
      ]
    },
    {
      "mode": "managed",
      "type": "aws_iam_role_policy",
      "name": "EksCloudWatchMetricsPolicy",
      "provider": "provider.aws",
      "instances": [
        {
          "schema_version": 0,
          "attributes": {
            "id": "EksClusterTf-ControlPlane:EksCloudWatchMetricsPolicy",
            "name": "EksCloudWatchMetricsPolicy",
            "name_prefix": null,
            "policy": "{\n    \"Version\": \"2012-10-17\",\n    \"Statement\": [\n        {\n            \"Effect\": \"Allow\",\n            \"Resource\": \"*\",\n            \"Action\": [\n                \"cloudwatch:PutMetricData\",\n                \"elasticloadbalancing:*\",\n                \"ec2:CreateSecurityGroup\",\n                \"ec2:DeleteSecurityGroup\",\n                \"ec2:AuthorizeSecurityGroupIngress\",\n                \"ec2:RevokeSecurityGroupIngress\",\n                \"ec2:AuthorizeSecurityGroupEgress\",\n                \"ec2:RevokeSecurityGroupEgress\",\n                \"ec2:Describe*\"\n            ]\n        }\n    ]\n}\n",
            "role": "EksClusterTf-ControlPlane"
          },
          "private": "bnVsbA==",
          "dependencies": [
            "aws_iam_role.EksControlPlane"
          ]
        }
      ]
    },
    {
      "mode": "managed",
      "type": "aws_iam_role_policy_attachment",
      "name": "EksControlPlane-AmazonEKSClusterPolicy",
      "provider": "provider.aws",
      "instances": [
        {
          "schema_version": 0,
          "attributes": {
            "id": "EksClusterTf-ControlPlane-20191215075208994900000001",
            "policy_arn": "arn:aws:iam::aws:policy/AmazonEKSClusterPolicy",
            "role": "EksClusterTf-ControlPlane"
          },
          "private": "bnVsbA==",
          "dependencies": [
            "aws_iam_role.EksControlPlane"
          ]
        }
      ]
    },
    {
      "mode": "managed",
      "type": "aws_iam_role_policy_attachment",
      "name": "EksControlPlane-AmazonEKSServicePolicy",
      "provider": "provider.aws",
      "instances": [
        {
          "schema_version": 0,
          "attributes": {
            "id": "EksClusterTf-ControlPlane-20191215075209045400000002",
            "policy_arn": "arn:aws:iam::aws:policy/AmazonEKSServicePolicy",
            "role": "EksClusterTf-ControlPlane"
          },
          "private": "bnVsbA==",
          "dependencies": [
            "aws_iam_role.EksControlPlane"
          ]
        }
      ]
    },
    {
      "mode": "managed",
      "type": "aws_security_group",
      "name": "EksControlPlane",
      "provider": "provider.aws",
      "instances": [
        {
          "schema_version": 1,
          "attributes": {
            "arn": "arn:aws:ec2:us-east-1:838522581324:security-group/sg-0fbfd265afade38d1",
            "description": "Security Group for the EKS Masters",
            "egress": [
              {
                "cidr_blocks": [
                  "0.0.0.0/0"
                ],
                "description": "",
                "from_port": 0,
                "ipv6_cidr_blocks": [],
                "prefix_list_ids": [],
                "protocol": "-1",
                "security_groups": [],
                "self": false,
                "to_port": 0
              }
            ],
            "id": "sg-0fbfd265afade38d1",
            "ingress": [],
            "name": "EksClusterTf-ControlPlane",
            "name_prefix": null,
            "owner_id": "838522581324",
            "revoke_rules_on_delete": false,
            "tags": {
              "Application": "EksClusterTf",
              "Environment": "dev",
              "Name": "EksClusterTfControlPlane"
            },
            "timeouts": null,
            "vpc_id": "vpc-00f201ec4c27127a6"
          },
          "private": "eyJlMmJmYjczMC1lY2FhLTExZTYtOGY4OC0zNDM2M2JjN2M0YzAiOnsiY3JlYXRlIjo2MDAwMDAwMDAwMDAsImRlbGV0ZSI6NjAwMDAwMDAwMDAwfSwic2NoZW1hX3ZlcnNpb24iOiIxIn0="
        }
      ]
    }
  ]
}
