{
  "version": 4,
  "terraform_version": "0.12.18",
  "serial": 59,
  "lineage": "079e5d3f-5468-0d02-8d9e-ab327f64e1ef",
  "outputs": {
    "cluster_arn": {
      "value": "arn:aws:eks:us-east-1:838522581324:cluster/TfEksDemo",
      "type": "string"
    },
    "cluster_certificate_authority": {
      "value": [
        {
          "data": "LS0tLS1CRUdJTiBDRVJUSUZJQ0FURS0tLS0tCk1JSUN5RENDQWJDZ0F3SUJBZ0lCQURBTkJna3Foa2lHOXcwQkFRc0ZBREFWTVJNd0VRWURWUVFERXdwcmRXSmwKY201bGRHVnpNQjRYRFRFNU1USXpNVEEzTWprME1sb1hEVEk1TVRJeU9EQTNNamswTWxvd0ZURVRNQkVHQTFVRQpBeE1LYTNWaVpYSnVaWFJsY3pDQ0FTSXdEUVlKS29aSWh2Y05BUUVCQlFBRGdnRVBBRENDQVFvQ2dnRUJBTGl2CklFUzJGam4rcUJJeHh5RGVwTHRGcjFITHhNRVRyeWU4eTBpNTRNWlQ2eC9qb0E3ZHB2T3l2cmdQYlMzdzROSkoKckMybUVRU3JkWGdpcjBndDlCZWMwTHF2bzMza3BMSWxZZDc5aDh6ci9DWHNSYzF4eTF0Y04xcFpPQ09qcWVmNApIbVVnTmtRU3JQd2g1cEdXcDdHSllUeHljcHRoNEdtVDFqRCtOSHc2dkp5d0JkUC81WExVNUI2SUVnUTNZbUpzCjZFUUtHZkZad0pvUjc3ZmpaMk1qSW85S2xYRTJsc3U1TVptT0dSaE4zU0xVUDlkRzROVnYvQjNyMUdtVlljVTQKQjNZQnB3MzlkbzN0SGlWdDU0YndqTG1mT3hRRkpVMnQ4dGtxN25oOCtKd3hXb21uNjh5QWFZTDh2NHN2VkE2Wgp6WFBaaHBBLzllTzU2ZzNBRUxjQ0F3RUFBYU1qTUNFd0RnWURWUjBQQVFIL0JBUURBZ0trTUE4R0ExVWRFd0VCCi93UUZNQU1CQWY4d0RRWUpLb1pJaHZjTkFRRUxCUUFEZ2dFQkFHNW5BaEFiN2NBMHJwQ0F0Qnp1Myt3VER5c2cKYTgzZy9INzltc1NzQU1VVVhpSzM1aDRWM1NCSGxmUXAxYmNGWHlSVENlYStEQVB2OFpGb0lxRlFOTS91d3ZGWAorR2Rud05JQjNVM3h1aXlWQ2lwL0xtQ2w1NmJjRnowc0N4UDR6ZVRJc1Frc1BFbjRmdkVOVnBJaHJGT0NTRUZMCjU4aU1kVlFCdS9yYnVpVHIwZmVVQk0xMlpIL1NDU1NXam1sR2xTSmM4RWhNZkgxYk5weGtvaGlDbHZnclF0OEoKOWVMd2tLVVJDWmlRRGk4MUd4SXo3S1gvLyt2eENmS3VhVWdFdS9ZY2tqWjhIS3ZodjhENCszSzBqNVE3aE1CeApZUitCRU9aZzN4c0N2WkNVSlRXb1RaYXJQeXpXTlpISDRHcE05eDhKUGYxNWs1YkYvTExKZGx0OTFjYz0KLS0tLS1FTkQgQ0VSVElGSUNBVEUtLS0tLQo="
        }
      ],
      "type": [
        "list",
        [
          "object",
          {
            "data": "string"
          }
        ]
      ]
    },
    "cluster_endpoint": {
      "value": "https://07BAF1CB19A79F9351577F7F70643E12.gr7.us-east-1.eks.amazonaws.com",
      "type": "string"
    },
    "cluster_id": {
      "value": "TfEksDemo",
      "type": "string"
    },
    "cluster_identity": {
      "value": [
        {
          "oidc": [
            {
              "issuer": "https://oidc.eks.us-east-1.amazonaws.com/id/07BAF1CB19A79F9351577F7F70643E12"
            }
          ]
        }
      ],
      "type": [
        "list",
        [
          "object",
          {
            "oidc": [
              "list",
              [
                "object",
                {
                  "issuer": "string"
                }
              ]
            ]
          }
        ]
      ]
    },
    "cluster_k8s_version": {
      "value": "1.14",
      "type": "string"
    },
    "cluster_platform_version": {
      "value": "eks.7",
      "type": "string"
    },
    "cluster_security_group_id": {
      "value": "sg-0448aafc591484a9a",
      "type": "string"
    }
  },
  "resources": [
    {
      "mode": "managed",
      "type": "aws_cloudwatch_log_group",
      "name": "EksControlPlane",
      "provider": "provider.aws",
      "instances": [
        {
          "schema_version": 0,
          "attributes": {
            "arn": "arn:aws:logs:us-east-1:838522581324:log-group:/aws/eks/TfEksDemo/cluster:*",
            "id": "/aws/eks/TfEksDemo/cluster",
            "kms_key_id": "",
            "name": "/aws/eks/TfEksDemo/cluster",
            "name_prefix": null,
            "retention_in_days": 30,
            "tags": {}
          },
          "private": "bnVsbA=="
        }
      ]
    },
    {
      "mode": "managed",
      "type": "aws_eks_cluster",
      "name": "EksControlPlane",
      "provider": "provider.aws",
      "instances": [
        {
          "schema_version": 0,
          "attributes": {
            "arn": "arn:aws:eks:us-east-1:838522581324:cluster/TfEksDemo",
            "certificate_authority": [
              {
                "data": "LS0tLS1CRUdJTiBDRVJUSUZJQ0FURS0tLS0tCk1JSUN5RENDQWJDZ0F3SUJBZ0lCQURBTkJna3Foa2lHOXcwQkFRc0ZBREFWTVJNd0VRWURWUVFERXdwcmRXSmwKY201bGRHVnpNQjRYRFRFNU1USXpNVEEzTWprME1sb1hEVEk1TVRJeU9EQTNNamswTWxvd0ZURVRNQkVHQTFVRQpBeE1LYTNWaVpYSnVaWFJsY3pDQ0FTSXdEUVlKS29aSWh2Y05BUUVCQlFBRGdnRVBBRENDQVFvQ2dnRUJBTGl2CklFUzJGam4rcUJJeHh5RGVwTHRGcjFITHhNRVRyeWU4eTBpNTRNWlQ2eC9qb0E3ZHB2T3l2cmdQYlMzdzROSkoKckMybUVRU3JkWGdpcjBndDlCZWMwTHF2bzMza3BMSWxZZDc5aDh6ci9DWHNSYzF4eTF0Y04xcFpPQ09qcWVmNApIbVVnTmtRU3JQd2g1cEdXcDdHSllUeHljcHRoNEdtVDFqRCtOSHc2dkp5d0JkUC81WExVNUI2SUVnUTNZbUpzCjZFUUtHZkZad0pvUjc3ZmpaMk1qSW85S2xYRTJsc3U1TVptT0dSaE4zU0xVUDlkRzROVnYvQjNyMUdtVlljVTQKQjNZQnB3MzlkbzN0SGlWdDU0YndqTG1mT3hRRkpVMnQ4dGtxN25oOCtKd3hXb21uNjh5QWFZTDh2NHN2VkE2Wgp6WFBaaHBBLzllTzU2ZzNBRUxjQ0F3RUFBYU1qTUNFd0RnWURWUjBQQVFIL0JBUURBZ0trTUE4R0ExVWRFd0VCCi93UUZNQU1CQWY4d0RRWUpLb1pJaHZjTkFRRUxCUUFEZ2dFQkFHNW5BaEFiN2NBMHJwQ0F0Qnp1Myt3VER5c2cKYTgzZy9INzltc1NzQU1VVVhpSzM1aDRWM1NCSGxmUXAxYmNGWHlSVENlYStEQVB2OFpGb0lxRlFOTS91d3ZGWAorR2Rud05JQjNVM3h1aXlWQ2lwL0xtQ2w1NmJjRnowc0N4UDR6ZVRJc1Frc1BFbjRmdkVOVnBJaHJGT0NTRUZMCjU4aU1kVlFCdS9yYnVpVHIwZmVVQk0xMlpIL1NDU1NXam1sR2xTSmM4RWhNZkgxYk5weGtvaGlDbHZnclF0OEoKOWVMd2tLVVJDWmlRRGk4MUd4SXo3S1gvLyt2eENmS3VhVWdFdS9ZY2tqWjhIS3ZodjhENCszSzBqNVE3aE1CeApZUitCRU9aZzN4c0N2WkNVSlRXb1RaYXJQeXpXTlpISDRHcE05eDhKUGYxNWs1YkYvTExKZGx0OTFjYz0KLS0tLS1FTkQgQ0VSVElGSUNBVEUtLS0tLQo="
              }
            ],
            "created_at": "2019-12-31 07:22:00 +0000 UTC",
            "enabled_cluster_log_types": [
              "api",
              "authenticator"
            ],
            "endpoint": "https://07BAF1CB19A79F9351577F7F70643E12.gr7.us-east-1.eks.amazonaws.com",
            "id": "TfEksDemo",
            "identity": [
              {
                "oidc": [
                  {
                    "issuer": "https://oidc.eks.us-east-1.amazonaws.com/id/07BAF1CB19A79F9351577F7F70643E12"
                  }
                ]
              }
            ],
            "name": "TfEksDemo",
            "platform_version": "eks.7",
            "role_arn": "arn:aws:iam::838522581324:role/TfEksDemo-ControlPlane",
            "status": "ACTIVE",
            "tags": {
              "Application": "TfEksDemo",
              "Environment": "dev",
              "Name": "TfEksDemo"
            },
            "timeouts": null,
            "version": "1.14",
            "vpc_config": [
              {
                "cluster_security_group_id": "sg-0448aafc591484a9a",
                "endpoint_private_access": true,
                "endpoint_public_access": true,
                "security_group_ids": null,
                "subnet_ids": [
                  "subnet-00d8f48857a9b10e9",
                  "subnet-08772b1cee272585f",
                  "subnet-0df4e9a4e741e33ef"
                ],
                "vpc_id": "vpc-03b587bb9e076424c"
              }
            ]
          },
          "private": "eyJlMmJmYjczMC1lY2FhLTExZTYtOGY4OC0zNDM2M2JjN2M0YzAiOnsiY3JlYXRlIjoxODAwMDAwMDAwMDAwLCJkZWxldGUiOjkwMDAwMDAwMDAwMCwidXBkYXRlIjozNjAwMDAwMDAwMDAwfX0=",
          "dependencies": [
            "aws_cloudwatch_log_group.EksControlPlane",
            "aws_iam_role.EksControlPlane",
            "aws_iam_role_policy.EksCloudWatchMetricsPolicy",
            "aws_iam_role_policy_attachment.EksControlPlane-AmazonEKSClusterPolicy",
            "aws_iam_role_policy_attachment.EksControlPlane-AmazonEKSServicePolicy"
          ]
        }
      ]
    },
    {
      "mode": "managed",
      "type": "aws_iam_role",
      "name": "EksControlPlane",
      "provider": "provider.aws",
      "instances": [
        {
          "schema_version": 0,
          "attributes": {
            "arn": "arn:aws:iam::838522581324:role/TfEksDemo-ControlPlane",
            "assume_role_policy": "{\"Version\":\"2012-10-17\",\"Statement\":[{\"Effect\":\"Allow\",\"Principal\":{\"Service\":\"eks.amazonaws.com\"},\"Action\":\"sts:AssumeRole\"}]}",
            "create_date": "2019-12-31T06:49:10Z",
            "description": "Allow Amazon EKS Control Plane access to our account resources",
            "force_detach_policies": false,
            "id": "TfEksDemo-ControlPlane",
            "max_session_duration": 3600,
            "name": "TfEksDemo-ControlPlane",
            "name_prefix": null,
            "path": "/",
            "permissions_boundary": null,
            "tags": {
              "Application": "TfEksDemo",
              "Environment": "dev",
              "Name": "TfEksDemo-ControlPlane"
            },
            "unique_id": "AROA4GO6XGFGFX7U7KQNZ"
          },
          "private": "bnVsbA=="
        }
      ]
    },
    {
      "mode": "managed",
      "type": "aws_iam_role_policy",
      "name": "EksCloudWatchMetricsPolicy",
      "provider": "provider.aws",
      "instances": [
        {
          "schema_version": 0,
          "attributes": {
            "id": "TfEksDemo-ControlPlane:EksCloudWatchMetricsPolicy",
            "name": "EksCloudWatchMetricsPolicy",
            "name_prefix": null,
            "policy": "{\n    \"Version\": \"2012-10-17\",\n    \"Statement\": [\n        {\n            \"Effect\": \"Allow\",\n            \"Resource\": \"*\",\n            \"Action\": [\n                \"cloudwatch:PutMetricData\",\n                \"elasticloadbalancing:*\",\n                \"ec2:CreateSecurityGroup\",\n                \"ec2:DeleteSecurityGroup\",\n                \"ec2:AuthorizeSecurityGroupIngress\",\n                \"ec2:RevokeSecurityGroupIngress\",\n                \"ec2:AuthorizeSecurityGroupEgress\",\n                \"ec2:RevokeSecurityGroupEgress\",\n                \"ec2:Describe*\"\n            ]\n        }\n    ]\n}\n",
            "role": "TfEksDemo-ControlPlane"
          },
          "private": "bnVsbA==",
          "dependencies": [
            "aws_iam_role.EksControlPlane"
          ]
        }
      ]
    },
    {
      "mode": "managed",
      "type": "aws_iam_role_policy_attachment",
      "name": "EksControlPlane-AmazonEKSClusterPolicy",
      "provider": "provider.aws",
      "instances": [
        {
          "schema_version": 0,
          "attributes": {
            "id": "TfEksDemo-ControlPlane-20191231064912798900000001",
            "policy_arn": "arn:aws:iam::aws:policy/AmazonEKSClusterPolicy",
            "role": "TfEksDemo-ControlPlane"
          },
          "private": "bnVsbA==",
          "dependencies": [
            "aws_iam_role.EksControlPlane"
          ]
        }
      ]
    },
    {
      "mode": "managed",
      "type": "aws_iam_role_policy_attachment",
      "name": "EksControlPlane-AmazonEKSServicePolicy",
      "provider": "provider.aws",
      "instances": [
        {
          "schema_version": 0,
          "attributes": {
            "id": "TfEksDemo-ControlPlane-20191231064912805000000002",
            "policy_arn": "arn:aws:iam::aws:policy/AmazonEKSServicePolicy",
            "role": "TfEksDemo-ControlPlane"
          },
          "private": "bnVsbA==",
          "dependencies": [
            "aws_iam_role.EksControlPlane"
          ]
        }
      ]
    }
  ]
}
